
Microsoft Visual Studio Solution File, Format Version 12.00
# Visual Studio Version 17
VisualStudioVersion = 17.3.32804.467
MinimumVisualStudioVersion = 10.0.40219.1
Project("{FAE04EC0-301F-11D3-BF4B-00C04F79EFBC}") = "forEach", "forEach\forEach.csproj", "{86E119BB-28B8-4091-A9D9-75624121008E}"
EndProject
Global
	GlobalSection(SolutionConfigurationPlatforms) = preSolution
		Debug|Any CPU = Debug|Any CPU
		Release|Any CPU = Release|Any CPU
	EndGlobalSection
	GlobalSection(ProjectConfigurationPlatforms) = postSolution
		{86E119BB-28B8-4091-A9D9-75624121008E}.Debug|Any CPU.ActiveCfg = Debug|Any CPU
		{86E119BB-28B8-4091-A9D9-75624121008E}.Debug|Any CPU.Build.0 = Debug|Any CPU
		{86E119BB-28B8-4091-A9D9-75624121008E}.Release|Any CPU.ActiveCfg = Release|Any CPU
		{86E119BB-28B8-4091-A9D9-75624121008E}.Release|Any CPU.Build.0 = Release|Any CPU
	EndGlobalSection
	GlobalSection(SolutionProperties) = preSolution
		HideSolutionNode = FALSE
	EndGlobalSection
	GlobalSection(ExtensibilityGlobals) = postSolution
		SolutionGuid = {A3DF7286-8C28-4B89-A2D3-AAB5C380A628}
	EndGlobalSection
EndGlobal
