
Microsoft Visual Studio Solution File, Format Version 12.00
# Visual Studio Version 17
VisualStudioVersion = 17.3.32804.467
MinimumVisualStudioVersion = 10.0.40219.1
Project("{FAE04EC0-301F-11D3-BF4B-00C04F79EFBC}") = "calculatorProgram", "calculatorProgram\calculatorProgram.csproj", "{AB06F822-4CF8-4F92-BBE1-A718C5C6CC81}"
EndProject
Global
	GlobalSection(SolutionConfigurationPlatforms) = preSolution
		Debug|Any CPU = Debug|Any CPU
		Release|Any CPU = Release|Any CPU
	EndGlobalSection
	GlobalSection(ProjectConfigurationPlatforms) = postSolution
		{AB06F822-4CF8-4F92-BBE1-A718C5C6CC81}.Debug|Any CPU.ActiveCfg = Debug|Any CPU
		{AB06F822-4CF8-4F92-BBE1-A718C5C6CC81}.Debug|Any CPU.Build.0 = Debug|Any CPU
		{AB06F822-4CF8-4F92-BBE1-A718C5C6CC81}.Release|Any CPU.ActiveCfg = Release|Any CPU
		{AB06F822-4CF8-4F92-BBE1-A718C5C6CC81}.Release|Any CPU.Build.0 = Release|Any CPU
	EndGlobalSection
	GlobalSection(SolutionProperties) = preSolution
		HideSolutionNode = FALSE
	EndGlobalSection
	GlobalSection(ExtensibilityGlobals) = postSolution
		SolutionGuid = {471AE4FE-696A-44FD-9A12-EF301BAFDC00}
	EndGlobalSection
EndGlobal
