
Microsoft Visual Studio Solution File, Format Version 12.00
# Visual Studio Version 17
VisualStudioVersion = 17.2.32602.215
MinimumVisualStudioVersion = 10.0.40219.1
Project("{FAE04EC0-301F-11D3-BF4B-00C04F79EFBC}") = "stringMethods", "stringMethods\stringMethods.csproj", "{402565E0-9A49-4426-B6BA-08D351250FBD}"
EndProject
Global
	GlobalSection(SolutionConfigurationPlatforms) = preSolution
		Debug|Any CPU = Debug|Any CPU
		Release|Any CPU = Release|Any CPU
	EndGlobalSection
	GlobalSection(ProjectConfigurationPlatforms) = postSolution
		{402565E0-9A49-4426-B6BA-08D351250FBD}.Debug|Any CPU.ActiveCfg = Debug|Any CPU
		{402565E0-9A49-4426-B6BA-08D351250FBD}.Debug|Any CPU.Build.0 = Debug|Any CPU
		{402565E0-9A49-4426-B6BA-08D351250FBD}.Release|Any CPU.ActiveCfg = Release|Any CPU
		{402565E0-9A49-4426-B6BA-08D351250FBD}.Release|Any CPU.Build.0 = Release|Any CPU
	EndGlobalSection
	GlobalSection(SolutionProperties) = preSolution
		HideSolutionNode = FALSE
	EndGlobalSection
	GlobalSection(ExtensibilityGlobals) = postSolution
		SolutionGuid = {6A4A27FD-B4E4-4533-878E-E420C8A8EBD0}
	EndGlobalSection
EndGlobal
