
Microsoft Visual Studio Solution File, Format Version 12.00
# Visual Studio Version 17
VisualStudioVersion = 17.2.32602.215
MinimumVisualStudioVersion = 10.0.40219.1
Project("{FAE04EC0-301F-11D3-BF4B-00C04F79EFBC}") = "switchesApplication", "switchesApplication\switchesApplication.csproj", "{B1F825EA-04AA-468D-BAAF-8913BA46B2AA}"
EndProject
Global
	GlobalSection(SolutionConfigurationPlatforms) = preSolution
		Debug|Any CPU = Debug|Any CPU
		Release|Any CPU = Release|Any CPU
	EndGlobalSection
	GlobalSection(ProjectConfigurationPlatforms) = postSolution
		{B1F825EA-04AA-468D-BAAF-8913BA46B2AA}.Debug|Any CPU.ActiveCfg = Debug|Any CPU
		{B1F825EA-04AA-468D-BAAF-8913BA46B2AA}.Debug|Any CPU.Build.0 = Debug|Any CPU
		{B1F825EA-04AA-468D-BAAF-8913BA46B2AA}.Release|Any CPU.ActiveCfg = Release|Any CPU
		{B1F825EA-04AA-468D-BAAF-8913BA46B2AA}.Release|Any CPU.Build.0 = Release|Any CPU
	EndGlobalSection
	GlobalSection(SolutionProperties) = preSolution
		HideSolutionNode = FALSE
	EndGlobalSection
	GlobalSection(ExtensibilityGlobals) = postSolution
		SolutionGuid = {C609CB6D-927D-45F2-813A-A17AFC36EEAD}
	EndGlobalSection
EndGlobal
