
Microsoft Visual Studio Solution File, Format Version 12.00
# Visual Studio Version 17
VisualStudioVersion = 17.2.32616.157
MinimumVisualStudioVersion = 10.0.40219.1
Project("{FAE04EC0-301F-11D3-BF4B-00C04F79EFBC}") = "forLoops", "forLoops\forLoops.csproj", "{12F392B7-C95F-4BE5-970B-25004ADC6EBA}"
EndProject
Global
	GlobalSection(SolutionConfigurationPlatforms) = preSolution
		Debug|Any CPU = Debug|Any CPU
		Release|Any CPU = Release|Any CPU
	EndGlobalSection
	GlobalSection(ProjectConfigurationPlatforms) = postSolution
		{12F392B7-C95F-4BE5-970B-25004ADC6EBA}.Debug|Any CPU.ActiveCfg = Debug|Any CPU
		{12F392B7-C95F-4BE5-970B-25004ADC6EBA}.Debug|Any CPU.Build.0 = Debug|Any CPU
		{12F392B7-C95F-4BE5-970B-25004ADC6EBA}.Release|Any CPU.ActiveCfg = Release|Any CPU
		{12F392B7-C95F-4BE5-970B-25004ADC6EBA}.Release|Any CPU.Build.0 = Release|Any CPU
	EndGlobalSection
	GlobalSection(SolutionProperties) = preSolution
		HideSolutionNode = FALSE
	EndGlobalSection
	GlobalSection(ExtensibilityGlobals) = postSolution
		SolutionGuid = {DD5E68C9-3217-4779-98AE-59848D926383}
	EndGlobalSection
EndGlobal
